
Microsoft Visual Studio Solution File, Format Version 12.00
# Visual Studio 2012
Project("{FAE04EC0-301F-11D3-BF4B-00C04F79EFBC}") = "objFileExplorer", "objFileExplorer\objFileExplorer.csproj", "{AF4DB024-4896-4EFF-91FF-EC449193DB66}"
EndProject
Project("{FAE04EC0-301F-11D3-BF4B-00C04F79EFBC}") = "mapFileExplorer", "mapFileExplorer\mapFileExplorer.csproj", "{5FEFE4EB-0922-4FF8-99EE-DDBE23BAD070}"
EndProject
Project("{FAE04EC0-301F-11D3-BF4B-00C04F79EFBC}") = "objViewer", "objViewer\objViewer.csproj", "{2C631FD2-F373-4BEF-B26E-F0DEBCC80E40}"
EndProject
Global
	GlobalSection(SolutionConfigurationPlatforms) = preSolution
		Debug|Any CPU = Debug|Any CPU
		Release|Any CPU = Release|Any CPU
	EndGlobalSection
	GlobalSection(ProjectConfigurationPlatforms) = postSolution
		{AF4DB024-4896-4EFF-91FF-EC449193DB66}.Debug|Any CPU.ActiveCfg = Debug|Any CPU
		{AF4DB024-4896-4EFF-91FF-EC449193DB66}.Debug|Any CPU.Build.0 = Debug|Any CPU
		{AF4DB024-4896-4EFF-91FF-EC449193DB66}.Release|Any CPU.ActiveCfg = Release|Any CPU
		{AF4DB024-4896-4EFF-91FF-EC449193DB66}.Release|Any CPU.Build.0 = Release|Any CPU
		{5FEFE4EB-0922-4FF8-99EE-DDBE23BAD070}.Debug|Any CPU.ActiveCfg = Debug|Any CPU
		{5FEFE4EB-0922-4FF8-99EE-DDBE23BAD070}.Debug|Any CPU.Build.0 = Debug|Any CPU
		{5FEFE4EB-0922-4FF8-99EE-DDBE23BAD070}.Release|Any CPU.ActiveCfg = Release|Any CPU
		{5FEFE4EB-0922-4FF8-99EE-DDBE23BAD070}.Release|Any CPU.Build.0 = Release|Any CPU
		{2C631FD2-F373-4BEF-B26E-F0DEBCC80E40}.Debug|Any CPU.ActiveCfg = Debug|Any CPU
		{2C631FD2-F373-4BEF-B26E-F0DEBCC80E40}.Debug|Any CPU.Build.0 = Debug|Any CPU
		{2C631FD2-F373-4BEF-B26E-F0DEBCC80E40}.Release|Any CPU.ActiveCfg = Release|Any CPU
		{2C631FD2-F373-4BEF-B26E-F0DEBCC80E40}.Release|Any CPU.Build.0 = Release|Any CPU
	EndGlobalSection
	GlobalSection(SolutionProperties) = preSolution
		HideSolutionNode = FALSE
	EndGlobalSection
EndGlobal
