Microsoft Visual Studio Solution File, Format Version 10.00
# Visual C++ Express 2008
Project("{8BC9CEB8-8B4A-11D0-8D11-00A0C91BC942}") = "cgame", "cgame.vcproj", "{C878E295-CB82-4B40-8ECF-5CE5525466FA}"
EndProject
Project("{8BC9CEB8-8B4A-11D0-8D11-00A0C91BC942}") = "game", "game.vcproj", "{F9EE10DA-2404-4154-B904-F93C936C040A}"
EndProject
Project("{8BC9CEB8-8B4A-11D0-8D11-00A0C91BC942}") = "quake3", "quake3.vcproj", "{81CB51C4-B434-4E12-B69B-BAEE102F2852}"
EndProject
Project("{8BC9CEB8-8B4A-11D0-8D11-00A0C91BC942}") = "renderer", "renderer.vcproj", "{BF00AA05-BECF-4838-8B1F-4CF8CC83B56A}"
EndProject
Project("{8BC9CEB8-8B4A-11D0-8D11-00A0C91BC942}") = "materialSystem", "materialSystem.vcproj", "{B93D05ED-C73C-4797-A47B-AC898ECF0459}"
EndProject
Project("{8BC9CEB8-8B4A-11D0-8D11-00A0C91BC942}") = "imageLib", "imageLib.vcproj", "{607BEC1E-1C28-4BB2-8B36-71377A41A631}"
EndProject
Project("{8BC9CEB8-8B4A-11D0-8D11-00A0C91BC942}") = "cm", "cm.vcproj", "{FEFA37DE-66C8-4AF8-8D2D-1F441A543C59}"
EndProject
Project("{8BC9CEB8-8B4A-11D0-8D11-00A0C91BC942}") = "BulletDynamics", "..\..\code\external\bullet-2.80-rev2531\msvc\vs2008\BulletDynamics.vcproj", "{AFBF2695-6BBA-7D41-80E4-308FCB2A37B7}"
EndProject
Global
	GlobalSection(SolutionConfigurationPlatforms) = preSolution
		Debug|Win32 = Debug|Win32
		Release|Win32 = Release|Win32
	EndGlobalSection
	GlobalSection(ProjectConfigurationPlatforms) = postSolution
		{C878E295-CB82-4B40-8ECF-5CE5525466FA}.Debug|Win32.ActiveCfg = Debug|Win32
		{C878E295-CB82-4B40-8ECF-5CE5525466FA}.Debug|Win32.Build.0 = Debug|Win32
		{C878E295-CB82-4B40-8ECF-5CE5525466FA}.Release|Win32.ActiveCfg = Release|Win32
		{C878E295-CB82-4B40-8ECF-5CE5525466FA}.Release|Win32.Build.0 = Release|Win32
		{F9EE10DA-2404-4154-B904-F93C936C040A}.Debug|Win32.ActiveCfg = Debug|Win32
		{F9EE10DA-2404-4154-B904-F93C936C040A}.Debug|Win32.Build.0 = Debug|Win32
		{F9EE10DA-2404-4154-B904-F93C936C040A}.Release|Win32.ActiveCfg = Release|Win32
		{F9EE10DA-2404-4154-B904-F93C936C040A}.Release|Win32.Build.0 = Release|Win32
		{81CB51C4-B434-4E12-B69B-BAEE102F2852}.Debug|Win32.ActiveCfg = Debug|Win32
		{81CB51C4-B434-4E12-B69B-BAEE102F2852}.Debug|Win32.Build.0 = Debug|Win32
		{81CB51C4-B434-4E12-B69B-BAEE102F2852}.Release|Win32.ActiveCfg = Release|Win32
		{81CB51C4-B434-4E12-B69B-BAEE102F2852}.Release|Win32.Build.0 = Release|Win32
		{BF00AA05-BECF-4838-8B1F-4CF8CC83B56A}.Debug|Win32.ActiveCfg = Debug|Win32
		{BF00AA05-BECF-4838-8B1F-4CF8CC83B56A}.Debug|Win32.Build.0 = Debug|Win32
		{BF00AA05-BECF-4838-8B1F-4CF8CC83B56A}.Release|Win32.ActiveCfg = Release|Win32
		{BF00AA05-BECF-4838-8B1F-4CF8CC83B56A}.Release|Win32.Build.0 = Release|Win32
		{B93D05ED-C73C-4797-A47B-AC898ECF0459}.Debug|Win32.ActiveCfg = Debug|Win32
		{B93D05ED-C73C-4797-A47B-AC898ECF0459}.Debug|Win32.Build.0 = Debug|Win32
		{B93D05ED-C73C-4797-A47B-AC898ECF0459}.Release|Win32.ActiveCfg = Release|Win32
		{B93D05ED-C73C-4797-A47B-AC898ECF0459}.Release|Win32.Build.0 = Release|Win32
		{607BEC1E-1C28-4BB2-8B36-71377A41A631}.Debug|Win32.ActiveCfg = Debug|Win32
		{607BEC1E-1C28-4BB2-8B36-71377A41A631}.Debug|Win32.Build.0 = Debug|Win32
		{607BEC1E-1C28-4BB2-8B36-71377A41A631}.Release|Win32.ActiveCfg = Release|Win32
		{607BEC1E-1C28-4BB2-8B36-71377A41A631}.Release|Win32.Build.0 = Release|Win32
		{FEFA37DE-66C8-4AF8-8D2D-1F441A543C59}.Debug|Win32.ActiveCfg = Debug|Win32
		{FEFA37DE-66C8-4AF8-8D2D-1F441A543C59}.Debug|Win32.Build.0 = Debug|Win32
		{FEFA37DE-66C8-4AF8-8D2D-1F441A543C59}.Release|Win32.ActiveCfg = Release|Win32
		{FEFA37DE-66C8-4AF8-8D2D-1F441A543C59}.Release|Win32.Build.0 = Release|Win32
		{AFBF2695-6BBA-7D41-80E4-308FCB2A37B7}.Debug|Win32.ActiveCfg = Debug|Win32
		{AFBF2695-6BBA-7D41-80E4-308FCB2A37B7}.Debug|Win32.Build.0 = Debug|Win32
		{AFBF2695-6BBA-7D41-80E4-308FCB2A37B7}.Release|Win32.ActiveCfg = Release|Win32
		{AFBF2695-6BBA-7D41-80E4-308FCB2A37B7}.Release|Win32.Build.0 = Release|Win32
	EndGlobalSection
	GlobalSection(SolutionProperties) = preSolution
		HideSolutionNode = FALSE
	EndGlobalSection
EndGlobal
