
Microsoft Visual Studio Solution File, Format Version 10.00
# Visual C++ Express 2008
Project("{8BC9CEB8-8B4A-11D0-8D11-00A0C91BC942}") = "Radiant", "q3radiant\Radiant.vcproj", "{67CB7A42-1E88-4320-8CDB-C44F4CE33264}"
EndProject
Project("{8BC9CEB8-8B4A-11D0-8D11-00A0C91BC942}") = "cmdlib", "q3radiant\libs\cmdlib\cmdlib.vcproj", "{EFB1E65A-E86F-4E0D-845A-E5C7A3DF016F}"
EndProject
Project("{8BC9CEB8-8B4A-11D0-8D11-00A0C91BC942}") = "pak", "q3radiant\libs\pak\pak.vcproj", "{F2ACC9D7-D628-4624-864F-87FE58787625}"
EndProject
Project("{8BC9CEB8-8B4A-11D0-8D11-00A0C91BC942}") = "q3map", "q3map\q3map.vcproj", "{F1162C55-66E7-4486-B1F3-071CFAA78332}"
EndProject
Global
	GlobalSection(SolutionConfigurationPlatforms) = preSolution
		Debug|Win32 = Debug|Win32
		Release|Win32 = Release|Win32
	EndGlobalSection
	GlobalSection(ProjectConfigurationPlatforms) = postSolution
		{67CB7A42-1E88-4320-8CDB-C44F4CE33264}.Debug|Win32.ActiveCfg = Debug|Win32
		{67CB7A42-1E88-4320-8CDB-C44F4CE33264}.Debug|Win32.Build.0 = Debug|Win32
		{67CB7A42-1E88-4320-8CDB-C44F4CE33264}.Release|Win32.ActiveCfg = Release|Win32
		{67CB7A42-1E88-4320-8CDB-C44F4CE33264}.Release|Win32.Build.0 = Release|Win32
		{EFB1E65A-E86F-4E0D-845A-E5C7A3DF016F}.Debug|Win32.ActiveCfg = Debug|Win32
		{EFB1E65A-E86F-4E0D-845A-E5C7A3DF016F}.Debug|Win32.Build.0 = Debug|Win32
		{EFB1E65A-E86F-4E0D-845A-E5C7A3DF016F}.Release|Win32.ActiveCfg = Release|Win32
		{EFB1E65A-E86F-4E0D-845A-E5C7A3DF016F}.Release|Win32.Build.0 = Release|Win32
		{F2ACC9D7-D628-4624-864F-87FE58787625}.Debug|Win32.ActiveCfg = Debug|Win32
		{F2ACC9D7-D628-4624-864F-87FE58787625}.Debug|Win32.Build.0 = Debug|Win32
		{F2ACC9D7-D628-4624-864F-87FE58787625}.Release|Win32.ActiveCfg = Release|Win32
		{F2ACC9D7-D628-4624-864F-87FE58787625}.Release|Win32.Build.0 = Release|Win32
		{F1162C55-66E7-4486-B1F3-071CFAA78332}.Debug|Win32.ActiveCfg = Debug|Win32
		{F1162C55-66E7-4486-B1F3-071CFAA78332}.Debug|Win32.Build.0 = Debug|Win32
		{F1162C55-66E7-4486-B1F3-071CFAA78332}.Release|Win32.ActiveCfg = Release|Win32
		{F1162C55-66E7-4486-B1F3-071CFAA78332}.Release|Win32.Build.0 = Release|Win32
	EndGlobalSection
	GlobalSection(SolutionProperties) = preSolution
		HideSolutionNode = FALSE
	EndGlobalSection
EndGlobal
